
Microsoft Visual Studio Solution File, Format Version 12.00
# Visual Studio Version 17
VisualStudioVersion = 17.11.35222.181
MinimumVisualStudioVersion = 10.0.40219.1
Project("{54A90642-561A-4BB1-A94E-469ADEE60C69}") = "rfd.client", "rfd.client\rfd.client.esproj", "{6339DB0C-B79E-4422-AA70-D7EE0984939F}"
EndProject
Project("{FAE04EC0-301F-11D3-BF4B-00C04F79EFBC}") = "RFD.api", "RFD.api\RFD.api.csproj", "{1969D931-091E-4899-9936-A4DBBA436075}"
EndProject
Global
	GlobalSection(SolutionConfigurationPlatforms) = preSolution
		Debug|Any CPU = Debug|Any CPU
		Release|Any CPU = Release|Any CPU
	EndGlobalSection
	GlobalSection(ProjectConfigurationPlatforms) = postSolution
		{6339DB0C-B79E-4422-AA70-D7EE0984939F}.Debug|Any CPU.ActiveCfg = Debug|Any CPU
		{6339DB0C-B79E-4422-AA70-D7EE0984939F}.Debug|Any CPU.Build.0 = Debug|Any CPU
		{6339DB0C-B79E-4422-AA70-D7EE0984939F}.Debug|Any CPU.Deploy.0 = Debug|Any CPU
		{6339DB0C-B79E-4422-AA70-D7EE0984939F}.Release|Any CPU.ActiveCfg = Release|Any CPU
		{6339DB0C-B79E-4422-AA70-D7EE0984939F}.Release|Any CPU.Build.0 = Release|Any CPU
		{6339DB0C-B79E-4422-AA70-D7EE0984939F}.Release|Any CPU.Deploy.0 = Release|Any CPU
		{1969D931-091E-4899-9936-A4DBBA436075}.Debug|Any CPU.ActiveCfg = Debug|Any CPU
		{1969D931-091E-4899-9936-A4DBBA436075}.Debug|Any CPU.Build.0 = Debug|Any CPU
		{1969D931-091E-4899-9936-A4DBBA436075}.Release|Any CPU.ActiveCfg = Release|Any CPU
		{1969D931-091E-4899-9936-A4DBBA436075}.Release|Any CPU.Build.0 = Release|Any CPU
	EndGlobalSection
	GlobalSection(SolutionProperties) = preSolution
		HideSolutionNode = FALSE
	EndGlobalSection
	GlobalSection(ExtensibilityGlobals) = postSolution
		SolutionGuid = {F42EFFBE-7557-487F-B248-FDFD6CE05C9E}
	EndGlobalSection
EndGlobal
